// !$*UTF8*$!
{
	archiveVersion = 1;
	classes = {
	};
	objectVersion = 77;
	objects = {

/* Begin PBXFileReference section */
		8608CEAC2EFE2B5600463701 /* MovieViper.app */ = {isa = PBXFileReference; explicitFileType = wrapper.application; includeInIndex = 0; path = MovieViper.app; sourceTree = BUILT_PRODUCTS_DIR; };
		8608CFD72F01DB5300463701 /* MovieCleanSwift.app */ = {isa = PBXFileReference; explicitFileType = wrapper.application; includeInIndex = 0; path = MovieCleanSwift.app; sourceTree = BUILT_PRODUCTS_DIR; };
		864E11EC2EFCC0D300BEFC70 /* MovieList.app */ = {isa = PBXFileReference; explicitFileType = wrapper.application; includeInIndex = 0; path = MovieList.app; sourceTree = BUILT_PRODUCTS_DIR; };
/* End PBXFileReference section */

/* Begin PBXFileSystemSynchronizedBuildFileExceptionSet section */
		8608CEBF2EFE2B5700463701 /* Exceptions for "MovieViper" folder in "MovieViper" target */ = {
			isa = PBXFileSystemSynchronizedBuildFileExceptionSet;
			membershipExceptions = (
				Info.plist,
			);
			target = 8608CEAB2EFE2B5600463701 /* MovieViper */;
		};
		8608CED32EFE2BF100463701 /* Exceptions for "Models" folder in "MovieViper" target */ = {
			isa = PBXFileSystemSynchronizedBuildFileExceptionSet;
			membershipExceptions = (
				Genre.swift,
				TVSeries.swift,
				Types.swift,
			);
			target = 8608CEAB2EFE2B5600463701 /* MovieViper */;
		};
		8608CED42EFE2BF100463701 /* Exceptions for "Managers" folder in "MovieViper" target */ = {
			isa = PBXFileSystemSynchronizedBuildFileExceptionSet;
			membershipExceptions = (
				TMDBImageManager.swift,
			);
			target = 8608CEAB2EFE2B5600463701 /* MovieViper */;
		};
		8608CED52EFE2BF100463701 /* Exceptions for "Network" folder in "MovieViper" target */ = {
			isa = PBXFileSystemSynchronizedBuildFileExceptionSet;
			membershipExceptions = (
				TMDBAPI.swift,
			);
			target = 8608CEAB2EFE2B5600463701 /* MovieViper */;
		};
		8608CEE72EFEC57B00463701 /* Exceptions for "MovieList" folder in "MovieViper" target */ = {
			isa = PBXFileSystemSynchronizedBuildFileExceptionSet;
			membershipExceptions = (
				Modules/TvShows/Cells/PosterCollectionViewCell.swift,
			);
			target = 8608CEAB2EFE2B5600463701 /* MovieViper */;
		};
		8608CEEC2F00862F00463701 /* Exceptions for "Presentations" folder in "MovieViper" target */ = {
			isa = PBXFileSystemSynchronizedBuildFileExceptionSet;
			membershipExceptions = (
				ShowListCellPresentation.swift,
			);
			target = 8608CEAB2EFE2B5600463701 /* MovieViper */;
		};
		8608CFE82F01DB5400463701 /* Exceptions for "MovieCleanSwift" folder in "MovieCleanSwift" target */ = {
			isa = PBXFileSystemSynchronizedBuildFileExceptionSet;
			membershipExceptions = (
				Info.plist,
			);
			target = 8608CFD62F01DB5300463701 /* MovieCleanSwift */;
		};
		8608D00C2F01DBE800463701 /* Exceptions for "Models" folder in "MovieCleanSwift" target */ = {
			isa = PBXFileSystemSynchronizedBuildFileExceptionSet;
			membershipExceptions = (
				Genre.swift,
				TVSeries.swift,
				Types.swift,
			);
			target = 8608CFD62F01DB5300463701 /* MovieCleanSwift */;
		};
		8608D0102F01DC0700463701 /* Exceptions for "Network" folder in "MovieCleanSwift" target */ = {
			isa = PBXFileSystemSynchronizedBuildFileExceptionSet;
			membershipExceptions = (
				TMDBAPI.swift,
			);
			target = 8608CFD62F01DB5300463701 /* MovieCleanSwift */;
		};
		8608D0122F01DC0C00463701 /* Exceptions for "Presentations" folder in "MovieCleanSwift" target */ = {
			isa = PBXFileSystemSynchronizedBuildFileExceptionSet;
			membershipExceptions = (
				ShowListCellPresentation.swift,
			);
			target = 8608CFD62F01DB5300463701 /* MovieCleanSwift */;
		};
		8608D0142F01DC2600463701 /* Exceptions for "Managers" folder in "MovieCleanSwift" target */ = {
			isa = PBXFileSystemSynchronizedBuildFileExceptionSet;
			membershipExceptions = (
				TMDBImageManager.swift,
			);
			target = 8608CFD62F01DB5300463701 /* MovieCleanSwift */;
		};
		8608D0162F01DC3600463701 /* Exceptions for "MovieList" folder in "MovieCleanSwift" target */ = {
			isa = PBXFileSystemSynchronizedBuildFileExceptionSet;
			membershipExceptions = (
				Modules/TvShows/Cells/PosterCollectionViewCell.swift,
			);
			target = 8608CFD62F01DB5300463701 /* MovieCleanSwift */;
		};
		864E11FE2EFCC0D400BEFC70 /* Exceptions for "MovieList" folder in "MovieList" target */ = {
			isa = PBXFileSystemSynchronizedBuildFileExceptionSet;
			membershipExceptions = (
				Info.plist,
			);
			target = 864E11EB2EFCC0D300BEFC70 /* MovieList */;
		};
/* End PBXFileSystemSynchronizedBuildFileExceptionSet section */

/* Begin PBXFileSystemSynchronizedRootGroup section */
		8608CEAD2EFE2B5600463701 /* MovieViper */ = {
			isa = PBXFileSystemSynchronizedRootGroup;
			exceptions = (
				8608CEBF2EFE2B5700463701 /* Exceptions for "MovieViper" folder in "MovieViper" target */,
			);
			path = MovieViper;
			sourceTree = "<group>";
		};
		8608CEC22EFE2B6100463701 /* Network */ = {
			isa = PBXFileSystemSynchronizedRootGroup;
			exceptions = (
				8608CED52EFE2BF100463701 /* Exceptions for "Network" folder in "MovieViper" target */,
				8608D0102F01DC0700463701 /* Exceptions for "Network" folder in "MovieCleanSwift" target */,
			);
			path = Network;
			sourceTree = "<group>";
		};
		8608CEC52EFE2B6400463701 /* Managers */ = {
			isa = PBXFileSystemSynchronizedRootGroup;
			exceptions = (
				8608CED42EFE2BF100463701 /* Exceptions for "Managers" folder in "MovieViper" target */,
				8608D0142F01DC2600463701 /* Exceptions for "Managers" folder in "MovieCleanSwift" target */,
			);
			path = Managers;
			sourceTree = "<group>";
		};
		8608CECA2EFE2B6700463701 /* Models */ = {
			isa = PBXFileSystemSynchronizedRootGroup;
			exceptions = (
				8608CED32EFE2BF100463701 /* Exceptions for "Models" folder in "MovieViper" target */,
				8608D00C2F01DBE800463701 /* Exceptions for "Models" folder in "MovieCleanSwift" target */,
			);
			path = Models;
			sourceTree = "<group>";
		};
		8608CEE82F00860700463701 /* Presentations */ = {
			isa = PBXFileSystemSynchronizedRootGroup;
			exceptions = (
				8608CEEC2F00862F00463701 /* Exceptions for "Presentations" folder in "MovieViper" target */,
				8608D0122F01DC0C00463701 /* Exceptions for "Presentations" folder in "MovieCleanSwift" target */,
			);
			path = Presentations;
			sourceTree = "<group>";
		};
		8608CFD82F01DB5300463701 /* MovieCleanSwift */ = {
			isa = PBXFileSystemSynchronizedRootGroup;
			exceptions = (
				8608CFE82F01DB5400463701 /* Exceptions for "MovieCleanSwift" folder in "MovieCleanSwift" target */,
			);
			path = MovieCleanSwift;
			sourceTree = "<group>";
		};
		864E11EE2EFCC0D300BEFC70 /* MovieList */ = {
			isa = PBXFileSystemSynchronizedRootGroup;
			exceptions = (
				864E11FE2EFCC0D400BEFC70 /* Exceptions for "MovieList" folder in "MovieList" target */,
				8608CEE72EFEC57B00463701 /* Exceptions for "MovieList" folder in "MovieViper" target */,
				8608D0162F01DC3600463701 /* Exceptions for "MovieList" folder in "MovieCleanSwift" target */,
			);
			path = MovieList;
			sourceTree = "<group>";
		};
/* End PBXFileSystemSynchronizedRootGroup section */

/* Begin PBXFrameworksBuildPhase section */
		8608CEA92EFE2B5600463701 /* Frameworks */ = {
			isa = PBXFrameworksBuildPhase;
			buildActionMask = 2147483647;
			files = (
			);
			runOnlyForDeploymentPostprocessing = 0;
		};
		8608CFD42F01DB5300463701 /* Frameworks */ = {
			isa = PBXFrameworksBuildPhase;
			buildActionMask = 2147483647;
			files = (
			);
			runOnlyForDeploymentPostprocessing = 0;
		};
		864E11E92EFCC0D300BEFC70 /* Frameworks */ = {
			isa = PBXFrameworksBuildPhase;
			buildActionMask = 2147483647;
			files = (
			);
			runOnlyForDeploymentPostprocessing = 0;
		};
/* End PBXFrameworksBuildPhase section */

/* Begin PBXGroup section */
		864E11E32EFCC0D300BEFC70 = {
			isa = PBXGroup;
			children = (
				8608CEE82F00860700463701 /* Presentations */,
				8608CECA2EFE2B6700463701 /* Models */,
				8608CEC52EFE2B6400463701 /* Managers */,
				8608CEC22EFE2B6100463701 /* Network */,
				864E11EE2EFCC0D300BEFC70 /* MovieList */,
				8608CEAD2EFE2B5600463701 /* MovieViper */,
				8608CFD82F01DB5300463701 /* MovieCleanSwift */,
				864E11ED2EFCC0D300BEFC70 /* Products */,
			);
			sourceTree = "<group>";
		};
		864E11ED2EFCC0D300BEFC70 /* Products */ = {
			isa = PBXGroup;
			children = (
				864E11EC2EFCC0D300BEFC70 /* MovieList.app */,
				8608CEAC2EFE2B5600463701 /* MovieViper.app */,
				8608CFD72F01DB5300463701 /* MovieCleanSwift.app */,
			);
			name = Products;
			sourceTree = "<group>";
		};
/* End PBXGroup section */

/* Begin PBXNativeTarget section */
		8608CEAB2EFE2B5600463701 /* MovieViper */ = {
			isa = PBXNativeTarget;
			buildConfigurationList = 8608CEC02EFE2B5700463701 /* Build configuration list for PBXNativeTarget "MovieViper" */;
			buildPhases = (
				8608CEA82EFE2B5600463701 /* Sources */,
				8608CEA92EFE2B5600463701 /* Frameworks */,
				8608CEAA2EFE2B5600463701 /* Resources */,
			);
			buildRules = (
			);
			dependencies = (
			);
			fileSystemSynchronizedGroups = (
				8608CEAD2EFE2B5600463701 /* MovieViper */,
			);
			name = MovieViper;
			packageProductDependencies = (
			);
			productName = MovieViper;
			productReference = 8608CEAC2EFE2B5600463701 /* MovieViper.app */;
			productType = "com.apple.product-type.application";
		};
		8608CFD62F01DB5300463701 /* MovieCleanSwift */ = {
			isa = PBXNativeTarget;
			buildConfigurationList = 8608CFE92F01DB5400463701 /* Build configuration list for PBXNativeTarget "MovieCleanSwift" */;
			buildPhases = (
				8608CFD32F01DB5300463701 /* Sources */,
				8608CFD42F01DB5300463701 /* Frameworks */,
				8608CFD52F01DB5300463701 /* Resources */,
			);
			buildRules = (
			);
			dependencies = (
			);
			fileSystemSynchronizedGroups = (
				8608CFD82F01DB5300463701 /* MovieCleanSwift */,
			);
			name = MovieCleanSwift;
			packageProductDependencies = (
			);
			productName = MovieCleanSwift;
			productReference = 8608CFD72F01DB5300463701 /* MovieCleanSwift.app */;
			productType = "com.apple.product-type.application";
		};
		864E11EB2EFCC0D300BEFC70 /* MovieList */ = {
			isa = PBXNativeTarget;
			buildConfigurationList = 864E11FF2EFCC0D400BEFC70 /* Build configuration list for PBXNativeTarget "MovieList" */;
			buildPhases = (
				864E11E82EFCC0D300BEFC70 /* Sources */,
				864E11E92EFCC0D300BEFC70 /* Frameworks */,
				864E11EA2EFCC0D300BEFC70 /* Resources */,
			);
			buildRules = (
			);
			dependencies = (
			);
			fileSystemSynchronizedGroups = (
				8608CEC22EFE2B6100463701 /* Network */,
				8608CEC52EFE2B6400463701 /* Managers */,
				8608CECA2EFE2B6700463701 /* Models */,
				8608CEE82F00860700463701 /* Presentations */,
				864E11EE2EFCC0D300BEFC70 /* MovieList */,
			);
			name = MovieList;
			packageProductDependencies = (
			);
			productName = MovieList;
			productReference = 864E11EC2EFCC0D300BEFC70 /* MovieList.app */;
			productType = "com.apple.product-type.application";
		};
/* End PBXNativeTarget section */

/* Begin PBXProject section */
		864E11E42EFCC0D300BEFC70 /* Project object */ = {
			isa = PBXProject;
			attributes = {
				BuildIndependentTargetsInParallel = 1;
				LastSwiftUpdateCheck = 2600;
				LastUpgradeCheck = 2600;
				TargetAttributes = {
					8608CEAB2EFE2B5600463701 = {
						CreatedOnToolsVersion = 26.0;
					};
					8608CFD62F01DB5300463701 = {
						CreatedOnToolsVersion = 26.0;
					};
					864E11EB2EFCC0D300BEFC70 = {
						CreatedOnToolsVersion = 26.0;
					};
				};
			};
			buildConfigurationList = 864E11E72EFCC0D300BEFC70 /* Build configuration list for PBXProject "MovieList" */;
			developmentRegion = en;
			hasScannedForEncodings = 0;
			knownRegions = (
				en,
				Base,
			);
			mainGroup = 864E11E32EFCC0D300BEFC70;
			minimizedProjectReferenceProxies = 1;
			preferredProjectObjectVersion = 77;
			productRefGroup = 864E11ED2EFCC0D300BEFC70 /* Products */;
			projectDirPath = "";
			projectRoot = "";
			targets = (
				864E11EB2EFCC0D300BEFC70 /* MovieList */,
				8608CEAB2EFE2B5600463701 /* MovieViper */,
				8608CFD62F01DB5300463701 /* MovieCleanSwift */,
			);
		};
/* End PBXProject section */

/* Begin PBXResourcesBuildPhase section */
		8608CEAA2EFE2B5600463701 /* Resources */ = {
			isa = PBXResourcesBuildPhase;
			buildActionMask = 2147483647;
			files = (
			);
			runOnlyForDeploymentPostprocessing = 0;
		};
		8608CFD52F01DB5300463701 /* Resources */ = {
			isa = PBXResourcesBuildPhase;
			buildActionMask = 2147483647;
			files = (
			);
			runOnlyForDeploymentPostprocessing = 0;
		};
		864E11EA2EFCC0D300BEFC70 /* Resources */ = {
			isa = PBXResourcesBuildPhase;
			buildActionMask = 2147483647;
			files = (
			);
			runOnlyForDeploymentPostprocessing = 0;
		};
/* End PBXResourcesBuildPhase section */

/* Begin PBXSourcesBuildPhase section */
		8608CEA82EFE2B5600463701 /* Sources */ = {
			isa = PBXSourcesBuildPhase;
			buildActionMask = 2147483647;
			files = (
			);
			runOnlyForDeploymentPostprocessing = 0;
		};
		8608CFD32F01DB5300463701 /* Sources */ = {
			isa = PBXSourcesBuildPhase;
			buildActionMask = 2147483647;
			files = (
			);
			runOnlyForDeploymentPostprocessing = 0;
		};
		864E11E82EFCC0D300BEFC70 /* Sources */ = {
			isa = PBXSourcesBuildPhase;
			buildActionMask = 2147483647;
			files = (
			);
			runOnlyForDeploymentPostprocessing = 0;
		};
/* End PBXSourcesBuildPhase section */

/* Begin XCBuildConfiguration section */
		8608CEBD2EFE2B5700463701 /* Debug */ = {
			isa = XCBuildConfiguration;
			buildSettings = {
				ASSETCATALOG_COMPILER_APPICON_NAME = AppIcon;
				ASSETCATALOG_COMPILER_GLOBAL_ACCENT_COLOR_NAME = AccentColor;
				CODE_SIGN_STYLE = Automatic;
				CURRENT_PROJECT_VERSION = 1;
				DEVELOPMENT_TEAM = A2G3QWK5MN;
				GENERATE_INFOPLIST_FILE = YES;
				INFOPLIST_FILE = MovieViper/Info.plist;
				INFOPLIST_KEY_UIApplicationSupportsIndirectInputEvents = YES;
				INFOPLIST_KEY_UILaunchStoryboardName = LaunchScreen;
				INFOPLIST_KEY_UIMainStoryboardFile = Main;
				INFOPLIST_KEY_UISupportedInterfaceOrientations_iPad = "UIInterfaceOrientationPortrait UIInterfaceOrientationPortraitUpsideDown UIInterfaceOrientationLandscapeLeft UIInterfaceOrientationLandscapeRight";
				INFOPLIST_KEY_UISupportedInterfaceOrientations_iPhone = "UIInterfaceOrientationPortrait UIInterfaceOrientationLandscapeLeft UIInterfaceOrientationLandscapeRight";
				LD_RUNPATH_SEARCH_PATHS = (
					"$(inherited)",
					"@executable_path/Frameworks",
				);
				MARKETING_VERSION = 1.0;
				PRODUCT_BUNDLE_IDENTIFIER = com.sefa.MovieViper;
				PRODUCT_NAME = "$(TARGET_NAME)";
				STRING_CATALOG_GENERATE_SYMBOLS = YES;
				SWIFT_APPROACHABLE_CONCURRENCY = YES;
				SWIFT_DEFAULT_ACTOR_ISOLATION = MainActor;
				SWIFT_EMIT_LOC_STRINGS = YES;
				SWIFT_UPCOMING_FEATURE_MEMBER_IMPORT_VISIBILITY = YES;
				SWIFT_VERSION = 5.0;
				TARGETED_DEVICE_FAMILY = "1,2";
			};
			name = Debug;
		};
		8608CEBE2EFE2B5700463701 /* Release */ = {
			isa = XCBuildConfiguration;
			buildSettings = {
				ASSETCATALOG_COMPILER_APPICON_NAME = AppIcon;
				ASSETCATALOG_COMPILER_GLOBAL_ACCENT_COLOR_NAME = AccentColor;
				CODE_SIGN_STYLE = Automatic;
				CURRENT_PROJECT_VERSION = 1;
				DEVELOPMENT_TEAM = A2G3QWK5MN;
				GENERATE_INFOPLIST_FILE = YES;
				INFOPLIST_FILE = MovieViper/Info.plist;
				INFOPLIST_KEY_UIApplicationSupportsIndirectInputEvents = YES;
				INFOPLIST_KEY_UILaunchStoryboardName = LaunchScreen;
				INFOPLIST_KEY_UIMainStoryboardFile = Main;
				INFOPLIST_KEY_UISupportedInterfaceOrientations_iPad = "UIInterfaceOrientationPortrait UIInterfaceOrientationPortraitUpsideDown UIInterfaceOrientationLandscapeLeft UIInterfaceOrientationLandscapeRight";
				INFOPLIST_KEY_UISupportedInterfaceOrientations_iPhone = "UIInterfaceOrientationPortrait UIInterfaceOrientationLandscapeLeft UIInterfaceOrientationLandscapeRight";
				LD_RUNPATH_SEARCH_PATHS = (
					"$(inherited)",
					"@executable_path/Frameworks",
				);
				MARKETING_VERSION = 1.0;
				PRODUCT_BUNDLE_IDENTIFIER = com.sefa.MovieViper;
				PRODUCT_NAME = "$(TARGET_NAME)";
				STRING_CATALOG_GENERATE_SYMBOLS = YES;
				SWIFT_APPROACHABLE_CONCURRENCY = YES;
				SWIFT_DEFAULT_ACTOR_ISOLATION = MainActor;
				SWIFT_EMIT_LOC_STRINGS = YES;
				SWIFT_UPCOMING_FEATURE_MEMBER_IMPORT_VISIBILITY = YES;
				SWIFT_VERSION = 5.0;
				TARGETED_DEVICE_FAMILY = "1,2";
			};
			name = Release;
		};
		8608CFEA2F01DB5400463701 /* Debug */ = {
			isa = XCBuildConfiguration;
			buildSettings = {
				ASSETCATALOG_COMPILER_APPICON_NAME = AppIcon;
				ASSETCATALOG_COMPILER_GLOBAL_ACCENT_COLOR_NAME = AccentColor;
				CODE_SIGN_STYLE = Automatic;
				CURRENT_PROJECT_VERSION = 1;
				DEVELOPMENT_TEAM = A2G3QWK5MN;
				GENERATE_INFOPLIST_FILE = YES;
				INFOPLIST_FILE = MovieCleanSwift/Info.plist;
				INFOPLIST_KEY_UIApplicationSupportsIndirectInputEvents = YES;
				INFOPLIST_KEY_UILaunchStoryboardName = LaunchScreen;
				INFOPLIST_KEY_UIMainStoryboardFile = Main;
				INFOPLIST_KEY_UISupportedInterfaceOrientations_iPad = "UIInterfaceOrientationPortrait UIInterfaceOrientationPortraitUpsideDown UIInterfaceOrientationLandscapeLeft UIInterfaceOrientationLandscapeRight";
				INFOPLIST_KEY_UISupportedInterfaceOrientations_iPhone = "UIInterfaceOrientationPortrait UIInterfaceOrientationLandscapeLeft UIInterfaceOrientationLandscapeRight";
				LD_RUNPATH_SEARCH_PATHS = (
					"$(inherited)",
					"@executable_path/Frameworks",
				);
				MARKETING_VERSION = 1.0;
				PRODUCT_BUNDLE_IDENTIFIER = com.sefa.MovieCleanSwift;
				PRODUCT_NAME = "$(TARGET_NAME)";
				STRING_CATALOG_GENERATE_SYMBOLS = YES;
				SWIFT_APPROACHABLE_CONCURRENCY = YES;
				SWIFT_DEFAULT_ACTOR_ISOLATION = MainActor;
				SWIFT_EMIT_LOC_STRINGS = YES;
				SWIFT_UPCOMING_FEATURE_MEMBER_IMPORT_VISIBILITY = YES;
				SWIFT_VERSION = 5.0;
				TARGETED_DEVICE_FAMILY = "1,2";
			};
			name = Debug;
		};
		8608CFEB2F01DB5400463701 /* Release */ = {
			isa = XCBuildConfiguration;
			buildSettings = {
				ASSETCATALOG_COMPILER_APPICON_NAME = AppIcon;
				ASSETCATALOG_COMPILER_GLOBAL_ACCENT_COLOR_NAME = AccentColor;
				CODE_SIGN_STYLE = Automatic;
				CURRENT_PROJECT_VERSION = 1;
				DEVELOPMENT_TEAM = A2G3QWK5MN;
				GENERATE_INFOPLIST_FILE = YES;
				INFOPLIST_FILE = MovieCleanSwift/Info.plist;
				INFOPLIST_KEY_UIApplicationSupportsIndirectInputEvents = YES;
				INFOPLIST_KEY_UILaunchStoryboardName = LaunchScreen;
				INFOPLIST_KEY_UIMainStoryboardFile = Main;
				INFOPLIST_KEY_UISupportedInterfaceOrientations_iPad = "UIInterfaceOrientationPortrait UIInterfaceOrientationPortraitUpsideDown UIInterfaceOrientationLandscapeLeft UIInterfaceOrientationLandscapeRight";
				INFOPLIST_KEY_UISupportedInterfaceOrientations_iPhone = "UIInterfaceOrientationPortrait UIInterfaceOrientationLandscapeLeft UIInterfaceOrientationLandscapeRight";
				LD_RUNPATH_SEARCH_PATHS = (
					"$(inherited)",
					"@executable_path/Frameworks",
				);
				MARKETING_VERSION = 1.0;
				PRODUCT_BUNDLE_IDENTIFIER = com.sefa.MovieCleanSwift;
				PRODUCT_NAME = "$(TARGET_NAME)";
				STRING_CATALOG_GENERATE_SYMBOLS = YES;
				SWIFT_APPROACHABLE_CONCURRENCY = YES;
				SWIFT_DEFAULT_ACTOR_ISOLATION = MainActor;
				SWIFT_EMIT_LOC_STRINGS = YES;
				SWIFT_UPCOMING_FEATURE_MEMBER_IMPORT_VISIBILITY = YES;
				SWIFT_VERSION = 5.0;
				TARGETED_DEVICE_FAMILY = "1,2";
			};
			name = Release;
		};
		864E12002EFCC0D400BEFC70 /* Debug */ = {
			isa = XCBuildConfiguration;
			buildSettings = {
				ASSETCATALOG_COMPILER_APPICON_NAME = AppIcon;
				ASSETCATALOG_COMPILER_GLOBAL_ACCENT_COLOR_NAME = AccentColor;
				CODE_SIGN_STYLE = Automatic;
				CURRENT_PROJECT_VERSION = 1;
				DEVELOPMENT_TEAM = A2G3QWK5MN;
				GENERATE_INFOPLIST_FILE = YES;
				INFOPLIST_FILE = MovieList/Info.plist;
				INFOPLIST_KEY_UIApplicationSupportsIndirectInputEvents = YES;
				INFOPLIST_KEY_UILaunchStoryboardName = LaunchScreen;
				INFOPLIST_KEY_UIMainStoryboardFile = Main;
				INFOPLIST_KEY_UISupportedInterfaceOrientations_iPad = "UIInterfaceOrientationPortrait UIInterfaceOrientationPortraitUpsideDown UIInterfaceOrientationLandscapeLeft UIInterfaceOrientationLandscapeRight";
				INFOPLIST_KEY_UISupportedInterfaceOrientations_iPhone = "UIInterfaceOrientationPortrait UIInterfaceOrientationLandscapeLeft UIInterfaceOrientationLandscapeRight";
				LD_RUNPATH_SEARCH_PATHS = (
					"$(inherited)",
					"@executable_path/Frameworks",
				);
				MARKETING_VERSION = 1.0;
				PRODUCT_BUNDLE_IDENTIFIER = com.sefa.MovieList;
				PRODUCT_NAME = "$(TARGET_NAME)";
				STRING_CATALOG_GENERATE_SYMBOLS = YES;
				SWIFT_APPROACHABLE_CONCURRENCY = YES;
				SWIFT_DEFAULT_ACTOR_ISOLATION = MainActor;
				SWIFT_EMIT_LOC_STRINGS = YES;
				SWIFT_UPCOMING_FEATURE_MEMBER_IMPORT_VISIBILITY = YES;
				SWIFT_VERSION = 5.0;
				TARGETED_DEVICE_FAMILY = "1,2";
			};
			name = Debug;
		};
		864E12012EFCC0D400BEFC70 /* Release */ = {
			isa = XCBuildConfiguration;
			buildSettings = {
				ASSETCATALOG_COMPILER_APPICON_NAME = AppIcon;
				ASSETCATALOG_COMPILER_GLOBAL_ACCENT_COLOR_NAME = AccentColor;
				CODE_SIGN_STYLE = Automatic;
				CURRENT_PROJECT_VERSION = 1;
				DEVELOPMENT_TEAM = A2G3QWK5MN;
				GENERATE_INFOPLIST_FILE = YES;
				INFOPLIST_FILE = MovieList/Info.plist;
				INFOPLIST_KEY_UIApplicationSupportsIndirectInputEvents = YES;
				INFOPLIST_KEY_UILaunchStoryboardName = LaunchScreen;
				INFOPLIST_KEY_UIMainStoryboardFile = Main;
				INFOPLIST_KEY_UISupportedInterfaceOrientations_iPad = "UIInterfaceOrientationPortrait UIInterfaceOrientationPortraitUpsideDown UIInterfaceOrientationLandscapeLeft UIInterfaceOrientationLandscapeRight";
				INFOPLIST_KEY_UISupportedInterfaceOrientations_iPhone = "UIInterfaceOrientationPortrait UIInterfaceOrientationLandscapeLeft UIInterfaceOrientationLandscapeRight";
				LD_RUNPATH_SEARCH_PATHS = (
					"$(inherited)",
					"@executable_path/Frameworks",
				);
				MARKETING_VERSION = 1.0;
				PRODUCT_BUNDLE_IDENTIFIER = com.sefa.MovieList;
				PRODUCT_NAME = "$(TARGET_NAME)";
				STRING_CATALOG_GENERATE_SYMBOLS = YES;
				SWIFT_APPROACHABLE_CONCURRENCY = YES;
				SWIFT_DEFAULT_ACTOR_ISOLATION = MainActor;
				SWIFT_EMIT_LOC_STRINGS = YES;
				SWIFT_UPCOMING_FEATURE_MEMBER_IMPORT_VISIBILITY = YES;
				SWIFT_VERSION = 5.0;
				TARGETED_DEVICE_FAMILY = "1,2";
			};
			name = Release;
		};
		864E12022EFCC0D400BEFC70 /* Debug */ = {
			isa = XCBuildConfiguration;
			buildSettings = {
				ALWAYS_SEARCH_USER_PATHS = NO;
				ASSETCATALOG_COMPILER_GENERATE_SWIFT_ASSET_SYMBOL_EXTENSIONS = YES;
				CLANG_ANALYZER_NONNULL = YES;
				CLANG_ANALYZER_NUMBER_OBJECT_CONVERSION = YES_AGGRESSIVE;
				CLANG_CXX_LANGUAGE_STANDARD = "gnu++20";
				CLANG_ENABLE_MODULES = YES;
				CLANG_ENABLE_OBJC_ARC = YES;
				CLANG_ENABLE_OBJC_WEAK = YES;
				CLANG_WARN_BLOCK_CAPTURE_AUTORELEASING = YES;
				CLANG_WARN_BOOL_CONVERSION = YES;
				CLANG_WARN_COMMA = YES;
				CLANG_WARN_CONSTANT_CONVERSION = YES;
				CLANG_WARN_DEPRECATED_OBJC_IMPLEMENTATIONS = YES;
				CLANG_WARN_DIRECT_OBJC_ISA_USAGE = YES_ERROR;
				CLANG_WARN_DOCUMENTATION_COMMENTS = YES;
				CLANG_WARN_EMPTY_BODY = YES;
				CLANG_WARN_ENUM_CONVERSION = YES;
				CLANG_WARN_INFINITE_RECURSION = YES;
				CLANG_WARN_INT_CONVERSION = YES;
				CLANG_WARN_NON_LITERAL_NULL_CONVERSION = YES;
				CLANG_WARN_OBJC_IMPLICIT_RETAIN_SELF = YES;
				CLANG_WARN_OBJC_LITERAL_CONVERSION = YES;
				CLANG_WARN_OBJC_ROOT_CLASS = YES_ERROR;
				CLANG_WARN_QUOTED_INCLUDE_IN_FRAMEWORK_HEADER = YES;
				CLANG_WARN_RANGE_LOOP_ANALYSIS = YES;
				CLANG_WARN_STRICT_PROTOTYPES = YES;
				CLANG_WARN_SUSPICIOUS_MOVE = YES;
				CLANG_WARN_UNGUARDED_AVAILABILITY = YES_AGGRESSIVE;
				CLANG_WARN_UNREACHABLE_CODE = YES;
				CLANG_WARN__DUPLICATE_METHOD_MATCH = YES;
				COPY_PHASE_STRIP = NO;
				DEBUG_INFORMATION_FORMAT = dwarf;
				DEVELOPMENT_TEAM = A2G3QWK5MN;
				ENABLE_STRICT_OBJC_MSGSEND = YES;
				ENABLE_TESTABILITY = YES;
				ENABLE_USER_SCRIPT_SANDBOXING = YES;
				GCC_C_LANGUAGE_STANDARD = gnu17;
				GCC_DYNAMIC_NO_PIC = NO;
				GCC_NO_COMMON_BLOCKS = YES;
				GCC_OPTIMIZATION_LEVEL = 0;
				GCC_PREPROCESSOR_DEFINITIONS = (
					"DEBUG=1",
					"$(inherited)",
				);
				GCC_WARN_64_TO_32_BIT_CONVERSION = YES;
				GCC_WARN_ABOUT_RETURN_TYPE = YES_ERROR;
				GCC_WARN_UNDECLARED_SELECTOR = YES;
				GCC_WARN_UNINITIALIZED_AUTOS = YES_AGGRESSIVE;
				GCC_WARN_UNUSED_FUNCTION = YES;
				GCC_WARN_UNUSED_VARIABLE = YES;
				IPHONEOS_DEPLOYMENT_TARGET = 26.0;
				LOCALIZATION_PREFERS_STRING_CATALOGS = YES;
				MTL_ENABLE_DEBUG_INFO = INCLUDE_SOURCE;
				MTL_FAST_MATH = YES;
				ONLY_ACTIVE_ARCH = YES;
				SDKROOT = iphoneos;
				SWIFT_ACTIVE_COMPILATION_CONDITIONS = "DEBUG $(inherited)";
				SWIFT_OPTIMIZATION_LEVEL = "-Onone";
			};
			name = Debug;
		};
		864E12032EFCC0D400BEFC70 /* Release */ = {
			isa = XCBuildConfiguration;
			buildSettings = {
				ALWAYS_SEARCH_USER_PATHS = NO;
				ASSETCATALOG_COMPILER_GENERATE_SWIFT_ASSET_SYMBOL_EXTENSIONS = YES;
				CLANG_ANALYZER_NONNULL = YES;
				CLANG_ANALYZER_NUMBER_OBJECT_CONVERSION = YES_AGGRESSIVE;
				CLANG_CXX_LANGUAGE_STANDARD = "gnu++20";
				CLANG_ENABLE_MODULES = YES;
				CLANG_ENABLE_OBJC_ARC = YES;
				CLANG_ENABLE_OBJC_WEAK = YES;
				CLANG_WARN_BLOCK_CAPTURE_AUTORELEASING = YES;
				CLANG_WARN_BOOL_CONVERSION = YES;
				CLANG_WARN_COMMA = YES;
				CLANG_WARN_CONSTANT_CONVERSION = YES;
				CLANG_WARN_DEPRECATED_OBJC_IMPLEMENTATIONS = YES;
				CLANG_WARN_DIRECT_OBJC_ISA_USAGE = YES_ERROR;
				CLANG_WARN_DOCUMENTATION_COMMENTS = YES;
				CLANG_WARN_EMPTY_BODY = YES;
				CLANG_WARN_ENUM_CONVERSION = YES;
				CLANG_WARN_INFINITE_RECURSION = YES;
				CLANG_WARN_INT_CONVERSION = YES;
				CLANG_WARN_NON_LITERAL_NULL_CONVERSION = YES;
				CLANG_WARN_OBJC_IMPLICIT_RETAIN_SELF = YES;
				CLANG_WARN_OBJC_LITERAL_CONVERSION = YES;
				CLANG_WARN_OBJC_ROOT_CLASS = YES_ERROR;
				CLANG_WARN_QUOTED_INCLUDE_IN_FRAMEWORK_HEADER = YES;
				CLANG_WARN_RANGE_LOOP_ANALYSIS = YES;
				CLANG_WARN_STRICT_PROTOTYPES = YES;
				CLANG_WARN_SUSPICIOUS_MOVE = YES;
				CLANG_WARN_UNGUARDED_AVAILABILITY = YES_AGGRESSIVE;
				CLANG_WARN_UNREACHABLE_CODE = YES;
				CLANG_WARN__DUPLICATE_METHOD_MATCH = YES;
				COPY_PHASE_STRIP = NO;
				DEBUG_INFORMATION_FORMAT = "dwarf-with-dsym";
				DEVELOPMENT_TEAM = A2G3QWK5MN;
				ENABLE_NS_ASSERTIONS = NO;
				ENABLE_STRICT_OBJC_MSGSEND = YES;
				ENABLE_USER_SCRIPT_SANDBOXING = YES;
				GCC_C_LANGUAGE_STANDARD = gnu17;
				GCC_NO_COMMON_BLOCKS = YES;
				GCC_WARN_64_TO_32_BIT_CONVERSION = YES;
				GCC_WARN_ABOUT_RETURN_TYPE = YES_ERROR;
				GCC_WARN_UNDECLARED_SELECTOR = YES;
				GCC_WARN_UNINITIALIZED_AUTOS = YES_AGGRESSIVE;
				GCC_WARN_UNUSED_FUNCTION = YES;
				GCC_WARN_UNUSED_VARIABLE = YES;
				IPHONEOS_DEPLOYMENT_TARGET = 26.0;
				LOCALIZATION_PREFERS_STRING_CATALOGS = YES;
				MTL_ENABLE_DEBUG_INFO = NO;
				MTL_FAST_MATH = YES;
				SDKROOT = iphoneos;
				SWIFT_COMPILATION_MODE = wholemodule;
				VALIDATE_PRODUCT = YES;
			};
			name = Release;
		};
/* End XCBuildConfiguration section */

/* Begin XCConfigurationList section */
		8608CEC02EFE2B5700463701 /* Build configuration list for PBXNativeTarget "MovieViper" */ = {
			isa = XCConfigurationList;
			buildConfigurations = (
				8608CEBD2EFE2B5700463701 /* Debug */,
				8608CEBE2EFE2B5700463701 /* Release */,
			);
			defaultConfigurationIsVisible = 0;
			defaultConfigurationName = Release;
		};
		8608CFE92F01DB5400463701 /* Build configuration list for PBXNativeTarget "MovieCleanSwift" */ = {
			isa = XCConfigurationList;
			buildConfigurations = (
				8608CFEA2F01DB5400463701 /* Debug */,
				8608CFEB2F01DB5400463701 /* Release */,
			);
			defaultConfigurationIsVisible = 0;
			defaultConfigurationName = Release;
		};
		864E11E72EFCC0D300BEFC70 /* Build configuration list for PBXProject "MovieList" */ = {
			isa = XCConfigurationList;
			buildConfigurations = (
				864E12022EFCC0D400BEFC70 /* Debug */,
				864E12032EFCC0D400BEFC70 /* Release */,
			);
			defaultConfigurationIsVisible = 0;
			defaultConfigurationName = Release;
		};
		864E11FF2EFCC0D400BEFC70 /* Build configuration list for PBXNativeTarget "MovieList" */ = {
			isa = XCConfigurationList;
			buildConfigurations = (
				864E12002EFCC0D400BEFC70 /* Debug */,
				864E12012EFCC0D400BEFC70 /* Release */,
			);
			defaultConfigurationIsVisible = 0;
			defaultConfigurationName = Release;
		};
/* End XCConfigurationList section */
	};
	rootObject = 864E11E42EFCC0D300BEFC70 /* Project object */;
}
